
Microsoft Visual Studio Solution File, Format Version 12.00
# Visual Studio Version 16
VisualStudioVersion = 16.0.810.14
MinimumVisualStudioVersion = 10.0.40219.1
Project("{FAE04EC0-301F-11D3-BF4B-00C04F79EFBC}") = "ConsoleUI", "ConsoleUI\ConsoleUI.csproj", "{C5A2DC37-01F8-4C69-B6CF-D487D130D817}"
EndProject
Global
	GlobalSection(SolutionConfigurationPlatforms) = preSolution
		Debug|Any CPU = Debug|Any CPU
		Release|Any CPU = Release|Any CPU
	EndGlobalSection
	GlobalSection(ProjectConfigurationPlatforms) = postSolution
		{C5A2DC37-01F8-4C69-B6CF-D487D130D817}.Debug|Any CPU.ActiveCfg = Debug|Any CPU
		{C5A2DC37-01F8-4C69-B6CF-D487D130D817}.Debug|Any CPU.Build.0 = Debug|Any CPU
		{C5A2DC37-01F8-4C69-B6CF-D487D130D817}.Release|Any CPU.ActiveCfg = Release|Any CPU
		{C5A2DC37-01F8-4C69-B6CF-D487D130D817}.Release|Any CPU.Build.0 = Release|Any CPU
	EndGlobalSection
	GlobalSection(SolutionProperties) = preSolution
		HideSolutionNode = FALSE
	EndGlobalSection
	GlobalSection(ExtensibilityGlobals) = postSolution
		SolutionGuid = {DCFEA7F1-6751-4A36-B22A-B3F2A59A4B94}
	EndGlobalSection
EndGlobal
